// !$*UTF8*$!
{
	archiveVersion = 1;
	classes = {
	};
	objectVersion = 55;
	objects = {

/* Begin PBXBuildFile section */
		220A55D029CB5F2400E88DE5 /* Shakeable.swift in Sources */ = {isa = PBXBuildFile; fileRef = 220A55CF29CB5F2400E88DE5 /* Shakeable.swift */; };
		22DEA1AF29C8C26700066A1C /* AppDelegate.swift in Sources */ = {isa = PBXBuildFile; fileRef = 22DEA1AE29C8C26700066A1C /* AppDelegate.swift */; };
		22DEA1B129C8C26700066A1C /* SceneDelegate.swift in Sources */ = {isa = PBXBuildFile; fileRef = 22DEA1B029C8C26700066A1C /* SceneDelegate.swift */; };
		22DEA1B329C8C26700066A1C /* ViewController.swift in Sources */ = {isa = PBXBuildFile; fileRef = 22DEA1B229C8C26700066A1C /* ViewController.swift */; };
		22DEA1B629C8C26700066A1C /* Main.storyboard in Resources */ = {isa = PBXBuildFile; fileRef = 22DEA1B429C8C26700066A1C /* Main.storyboard */; };
		22DEA1B829C8C26C00066A1C /* Assets.xcassets in Resources */ = {isa = PBXBuildFile; fileRef = 22DEA1B729C8C26C00066A1C /* Assets.xcassets */; };
		22DEA1BB29C8C26C00066A1C /* LaunchScreen.storyboard in Resources */ = {isa = PBXBuildFile; fileRef = 22DEA1B929C8C26C00066A1C /* LaunchScreen.storyboard */; };
		22DEA1C329C8C35C00066A1C /* Captcha files in Resources */ = {isa = PBXBuildFile; fileRef = 22DEA1C229C8C35C00066A1C /* Captcha files */; };
		22DEA1C529C8C45E00066A1C /* CaptchaImageView.swift in Sources */ = {isa = PBXBuildFile; fileRef = 22DEA1C429C8C45E00066A1C /* CaptchaImageView.swift */; };
/* End PBXBuildFile section */

/* Begin PBXFileReference section */
		220A55CF29CB5F2400E88DE5 /* Shakeable.swift */ = {isa = PBXFileReference; lastKnownFileType = sourcecode.swift; path = Shakeable.swift; sourceTree = "<group>"; };
		22DEA1AB29C8C26700066A1C /* IP13_Captcha.app */ = {isa = PBXFileReference; explicitFileType = wrapper.application; includeInIndex = 0; path = IP13_Captcha.app; sourceTree = BUILT_PRODUCTS_DIR; };
		22DEA1AE29C8C26700066A1C /* AppDelegate.swift */ = {isa = PBXFileReference; lastKnownFileType = sourcecode.swift; path = AppDelegate.swift; sourceTree = "<group>"; };
		22DEA1B029C8C26700066A1C /* SceneDelegate.swift */ = {isa = PBXFileReference; lastKnownFileType = sourcecode.swift; path = SceneDelegate.swift; sourceTree = "<group>"; };
		22DEA1B229C8C26700066A1C /* ViewController.swift */ = {isa = PBXFileReference; lastKnownFileType = sourcecode.swift; path = ViewController.swift; sourceTree = "<group>"; };
		22DEA1B529C8C26700066A1C /* Base */ = {isa = PBXFileReference; lastKnownFileType = file.storyboard; name = Base; path = Base.lproj/Main.storyboard; sourceTree = "<group>"; };
		22DEA1B729C8C26C00066A1C /* Assets.xcassets */ = {isa = PBXFileReference; lastKnownFileType = folder.assetcatalog; path = Assets.xcassets; sourceTree = "<group>"; };
		22DEA1BA29C8C26C00066A1C /* Base */ = {isa = PBXFileReference; lastKnownFileType = file.storyboard; name = Base; path = Base.lproj/LaunchScreen.storyboard; sourceTree = "<group>"; };
		22DEA1BC29C8C26C00066A1C /* Info.plist */ = {isa = PBXFileReference; lastKnownFileType = text.plist.xml; path = Info.plist; sourceTree = "<group>"; };
		22DEA1C229C8C35C00066A1C /* Captcha files */ = {isa = PBXFileReference; lastKnownFileType = folder; path = "Captcha files"; sourceTree = "<group>"; };
		22DEA1C429C8C45E00066A1C /* CaptchaImageView.swift */ = {isa = PBXFileReference; lastKnownFileType = sourcecode.swift; path = CaptchaImageView.swift; sourceTree = "<group>"; };
/* End PBXFileReference section */

/* Begin PBXFrameworksBuildPhase section */
		22DEA1A829C8C26700066A1C /* Frameworks */ = {
			isa = PBXFrameworksBuildPhase;
			buildActionMask = 2147483647;
			files = (
			);
			runOnlyForDeploymentPostprocessing = 0;
		};
/* End PBXFrameworksBuildPhase section */

/* Begin PBXGroup section */
		22DEA1A229C8C26700066A1C = {
			isa = PBXGroup;
			children = (
				22DEA1AD29C8C26700066A1C /* IP13_Captcha */,
				22DEA1AC29C8C26700066A1C /* Products */,
			);
			sourceTree = "<group>";
		};
		22DEA1AC29C8C26700066A1C /* Products */ = {
			isa = PBXGroup;
			children = (
				22DEA1AB29C8C26700066A1C /* IP13_Captcha.app */,
			);
			name = Products;
			sourceTree = "<group>";
		};
		22DEA1AD29C8C26700066A1C /* IP13_Captcha */ = {
			isa = PBXGroup;
			children = (
				22DEA1C229C8C35C00066A1C /* Captcha files */,
				22DEA1AE29C8C26700066A1C /* AppDelegate.swift */,
				220A55CF29CB5F2400E88DE5 /* Shakeable.swift */,
				22DEA1B029C8C26700066A1C /* SceneDelegate.swift */,
				22DEA1C429C8C45E00066A1C /* CaptchaImageView.swift */,
				22DEA1B229C8C26700066A1C /* ViewController.swift */,
				22DEA1B429C8C26700066A1C /* Main.storyboard */,
				22DEA1B729C8C26C00066A1C /* Assets.xcassets */,
				22DEA1B929C8C26C00066A1C /* LaunchScreen.storyboard */,
				22DEA1BC29C8C26C00066A1C /* Info.plist */,
			);
			path = IP13_Captcha;
			sourceTree = "<group>";
		};
/* End PBXGroup section */

/* Begin PBXNativeTarget section */
		22DEA1AA29C8C26700066A1C /* IP13_Captcha */ = {
			isa = PBXNativeTarget;
			buildConfigurationList = 22DEA1BF29C8C26C00066A1C /* Build configuration list for PBXNativeTarget "IP13_Captcha" */;
			buildPhases = (
				22DEA1A729C8C26700066A1C /* Sources */,
				22DEA1A829C8C26700066A1C /* Frameworks */,
				22DEA1A929C8C26700066A1C /* Resources */,
			);
			buildRules = (
			);
			dependencies = (
			);
			name = IP13_Captcha;
			productName = IP13_Captcha;
			productReference = 22DEA1AB29C8C26700066A1C /* IP13_Captcha.app */;
			productType = "com.apple.product-type.application";
		};
/* End PBXNativeTarget section */

/* Begin PBXProject section */
		22DEA1A329C8C26700066A1C /* Project object */ = {
			isa = PBXProject;
			attributes = {
				BuildIndependentTargetsInParallel = 1;
				LastSwiftUpdateCheck = 1340;
				LastUpgradeCheck = 1340;
				TargetAttributes = {
					22DEA1AA29C8C26700066A1C = {
						CreatedOnToolsVersion = 13.4.1;
					};
				};
			};
			buildConfigurationList = 22DEA1A629C8C26700066A1C /* Build configuration list for PBXProject "IP13_Captcha" */;
			compatibilityVersion = "Xcode 13.0";
			developmentRegion = en;
			hasScannedForEncodings = 0;
			knownRegions = (
				en,
				Base,
			);
			mainGroup = 22DEA1A229C8C26700066A1C;
			productRefGroup = 22DEA1AC29C8C26700066A1C /* Products */;
			projectDirPath = "";
			projectRoot = "";
			targets = (
				22DEA1AA29C8C26700066A1C /* IP13_Captcha */,
			);
		};
/* End PBXProject section */

/* Begin PBXResourcesBuildPhase section */
		22DEA1A929C8C26700066A1C /* Resources */ = {
			isa = PBXResourcesBuildPhase;
			buildActionMask = 2147483647;
			files = (
				22DEA1C329C8C35C00066A1C /* Captcha files in Resources */,
				22DEA1BB29C8C26C00066A1C /* LaunchScreen.storyboard in Resources */,
				22DEA1B829C8C26C00066A1C /* Assets.xcassets in Resources */,
				22DEA1B629C8C26700066A1C /* Main.storyboard in Resources */,
			);
			runOnlyForDeploymentPostprocessing = 0;
		};
/* End PBXResourcesBuildPhase section */

/* Begin PBXSourcesBuildPhase section */
		22DEA1A729C8C26700066A1C /* Sources */ = {
			isa = PBXSourcesBuildPhase;
			buildActionMask = 2147483647;
			files = (
				22DEA1B329C8C26700066A1C /* ViewController.swift in Sources */,
				22DEA1AF29C8C26700066A1C /* AppDelegate.swift in Sources */,
				22DEA1B129C8C26700066A1C /* SceneDelegate.swift in Sources */,
				22DEA1C529C8C45E00066A1C /* CaptchaImageView.swift in Sources */,
				220A55D029CB5F2400E88DE5 /* Shakeable.swift in Sources */,
			);
			runOnlyForDeploymentPostprocessing = 0;
		};
/* End PBXSourcesBuildPhase section */

/* Begin PBXVariantGroup section */
		22DEA1B429C8C26700066A1C /* Main.storyboard */ = {
			isa = PBXVariantGroup;
			children = (
				22DEA1B529C8C26700066A1C /* Base */,
			);
			name = Main.storyboard;
			sourceTree = "<group>";
		};
		22DEA1B929C8C26C00066A1C /* LaunchScreen.storyboard */ = {
			isa = PBXVariantGroup;
			children = (
				22DEA1BA29C8C26C00066A1C /* Base */,
			);
			name = LaunchScreen.storyboard;
			sourceTree = "<group>";
		};
/* End PBXVariantGroup section */

/* Begin XCBuildConfiguration section */
		22DEA1BD29C8C26C00066A1C /* Debug */ = {
			isa = XCBuildConfiguration;
			buildSettings = {
				ALWAYS_SEARCH_USER_PATHS = NO;
				CLANG_ANALYZER_NONNULL = YES;
				CLANG_ANALYZER_NUMBER_OBJECT_CONVERSION = YES_AGGRESSIVE;
				CLANG_CXX_LANGUAGE_STANDARD = "gnu++17";
				CLANG_ENABLE_MODULES = YES;
				CLANG_ENABLE_OBJC_ARC = YES;
				CLANG_ENABLE_OBJC_WEAK = YES;
				CLANG_WARN_BLOCK_CAPTURE_AUTORELEASING = YES;
				CLANG_WARN_BOOL_CONVERSION = YES;
				CLANG_WARN_COMMA = YES;
				CLANG_WARN_CONSTANT_CONVERSION = YES;
				CLANG_WARN_DEPRECATED_OBJC_IMPLEMENTATIONS = YES;
				CLANG_WARN_DIRECT_OBJC_ISA_USAGE = YES_ERROR;
				CLANG_WARN_DOCUMENTATION_COMMENTS = YES;
				CLANG_WARN_EMPTY_BODY = YES;
				CLANG_WARN_ENUM_CONVERSION = YES;
				CLANG_WARN_INFINITE_RECURSION = YES;
				CLANG_WARN_INT_CONVERSION = YES;
				CLANG_WARN_NON_LITERAL_NULL_CONVERSION = YES;
				CLANG_WARN_OBJC_IMPLICIT_RETAIN_SELF = YES;
				CLANG_WARN_OBJC_LITERAL_CONVERSION = YES;
				CLANG_WARN_OBJC_ROOT_CLASS = YES_ERROR;
				CLANG_WARN_QUOTED_INCLUDE_IN_FRAMEWORK_HEADER = YES;
				CLANG_WARN_RANGE_LOOP_ANALYSIS = YES;
				CLANG_WARN_STRICT_PROTOTYPES = YES;
				CLANG_WARN_SUSPICIOUS_MOVE = YES;
				CLANG_WARN_UNGUARDED_AVAILABILITY = YES_AGGRESSIVE;
				CLANG_WARN_UNREACHABLE_CODE = YES;
				CLANG_WARN__DUPLICATE_METHOD_MATCH = YES;
				COPY_PHASE_STRIP = NO;
				DEBUG_INFORMATION_FORMAT = dwarf;
				ENABLE_STRICT_OBJC_MSGSEND = YES;
				ENABLE_TESTABILITY = YES;
				GCC_C_LANGUAGE_STANDARD = gnu11;
				GCC_DYNAMIC_NO_PIC = NO;
				GCC_NO_COMMON_BLOCKS = YES;
				GCC_OPTIMIZATION_LEVEL = 0;
				GCC_PREPROCESSOR_DEFINITIONS = (
					"DEBUG=1",
					"$(inherited)",
				);
				GCC_WARN_64_TO_32_BIT_CONVERSION = YES;
				GCC_WARN_ABOUT_RETURN_TYPE = YES_ERROR;
				GCC_WARN_UNDECLARED_SELECTOR = YES;
				GCC_WARN_UNINITIALIZED_AUTOS = YES_AGGRESSIVE;
				GCC_WARN_UNUSED_FUNCTION = YES;
				GCC_WARN_UNUSED_VARIABLE = YES;
				IPHONEOS_DEPLOYMENT_TARGET = 15.5;
				MTL_ENABLE_DEBUG_INFO = INCLUDE_SOURCE;
				MTL_FAST_MATH = YES;
				ONLY_ACTIVE_ARCH = YES;
				SDKROOT = iphoneos;
				SWIFT_ACTIVE_COMPILATION_CONDITIONS = DEBUG;
				SWIFT_OPTIMIZATION_LEVEL = "-Onone";
			};
			name = Debug;
		};
		22DEA1BE29C8C26C00066A1C /* Release */ = {
			isa = XCBuildConfiguration;
			buildSettings = {
				ALWAYS_SEARCH_USER_PATHS = NO;
				CLANG_ANALYZER_NONNULL = YES;
				CLANG_ANALYZER_NUMBER_OBJECT_CONVERSION = YES_AGGRESSIVE;
				CLANG_CXX_LANGUAGE_STANDARD = "gnu++17";
				CLANG_ENABLE_MODULES = YES;
				CLANG_ENABLE_OBJC_ARC = YES;
				CLANG_ENABLE_OBJC_WEAK = YES;
				CLANG_WARN_BLOCK_CAPTURE_AUTORELEASING = YES;
				CLANG_WARN_BOOL_CONVERSION = YES;
				CLANG_WARN_COMMA = YES;
				CLANG_WARN_CONSTANT_CONVERSION = YES;
				CLANG_WARN_DEPRECATED_OBJC_IMPLEMENTATIONS = YES;
				CLANG_WARN_DIRECT_OBJC_ISA_USAGE = YES_ERROR;
				CLANG_WARN_DOCUMENTATION_COMMENTS = YES;
				CLANG_WARN_EMPTY_BODY = YES;
				CLANG_WARN_ENUM_CONVERSION = YES;
				CLANG_WARN_INFINITE_RECURSION = YES;
				CLANG_WARN_INT_CONVERSION = YES;
				CLANG_WARN_NON_LITERAL_NULL_CONVERSION = YES;
				CLANG_WARN_OBJC_IMPLICIT_RETAIN_SELF = YES;
				CLANG_WARN_OBJC_LITERAL_CONVERSION = YES;
				CLANG_WARN_OBJC_ROOT_CLASS = YES_ERROR;
				CLANG_WARN_QUOTED_INCLUDE_IN_FRAMEWORK_HEADER = YES;
				CLANG_WARN_RANGE_LOOP_ANALYSIS = YES;
				CLANG_WARN_STRICT_PROTOTYPES = YES;
				CLANG_WARN_SUSPICIOUS_MOVE = YES;
				CLANG_WARN_UNGUARDED_AVAILABILITY = YES_AGGRESSIVE;
				CLANG_WARN_UNREACHABLE_CODE = YES;
				CLANG_WARN__DUPLICATE_METHOD_MATCH = YES;
				COPY_PHASE_STRIP = NO;
				DEBUG_INFORMATION_FORMAT = "dwarf-with-dsym";
				ENABLE_NS_ASSERTIONS = NO;
				ENABLE_STRICT_OBJC_MSGSEND = YES;
				GCC_C_LANGUAGE_STANDARD = gnu11;
				GCC_NO_COMMON_BLOCKS = YES;
				GCC_WARN_64_TO_32_BIT_CONVERSION = YES;
				GCC_WARN_ABOUT_RETURN_TYPE = YES_ERROR;
				GCC_WARN_UNDECLARED_SELECTOR = YES;
				GCC_WARN_UNINITIALIZED_AUTOS = YES_AGGRESSIVE;
				GCC_WARN_UNUSED_FUNCTION = YES;
				GCC_WARN_UNUSED_VARIABLE = YES;
				IPHONEOS_DEPLOYMENT_TARGET = 15.5;
				MTL_ENABLE_DEBUG_INFO = NO;
				MTL_FAST_MATH = YES;
				SDKROOT = iphoneos;
				SWIFT_COMPILATION_MODE = wholemodule;
				SWIFT_OPTIMIZATION_LEVEL = "-O";
				VALIDATE_PRODUCT = YES;
			};
			name = Release;
		};
		22DEA1C029C8C26C00066A1C /* Debug */ = {
			isa = XCBuildConfiguration;
			buildSettings = {
				ASSETCATALOG_COMPILER_APPICON_NAME = AppIcon;
				ASSETCATALOG_COMPILER_GLOBAL_ACCENT_COLOR_NAME = AccentColor;
				CODE_SIGN_STYLE = Automatic;
				CURRENT_PROJECT_VERSION = 1;
				GENERATE_INFOPLIST_FILE = YES;
				INFOPLIST_FILE = IP13_Captcha/Info.plist;
				INFOPLIST_KEY_UIApplicationSupportsIndirectInputEvents = YES;
				INFOPLIST_KEY_UILaunchStoryboardName = LaunchScreen;
				INFOPLIST_KEY_UIMainStoryboardFile = Main;
				INFOPLIST_KEY_UISupportedInterfaceOrientations_iPad = "UIInterfaceOrientationPortrait UIInterfaceOrientationPortraitUpsideDown UIInterfaceOrientationLandscapeLeft UIInterfaceOrientationLandscapeRight";
				INFOPLIST_KEY_UISupportedInterfaceOrientations_iPhone = "UIInterfaceOrientationPortrait UIInterfaceOrientationLandscapeLeft UIInterfaceOrientationLandscapeRight";
				LD_RUNPATH_SEARCH_PATHS = (
					"$(inherited)",
					"@executable_path/Frameworks",
				);
				MARKETING_VERSION = 1.0;
				PRODUCT_BUNDLE_IDENTIFIER = "com.example.IP13-Captcha";
				PRODUCT_NAME = "$(TARGET_NAME)";
				SWIFT_EMIT_LOC_STRINGS = YES;
				SWIFT_VERSION = 5.0;
				TARGETED_DEVICE_FAMILY = "1,2";
			};
			name = Debug;
		};
		22DEA1C129C8C26C00066A1C /* Release */ = {
			isa = XCBuildConfiguration;
			buildSettings = {
				ASSETCATALOG_COMPILER_APPICON_NAME = AppIcon;
				ASSETCATALOG_COMPILER_GLOBAL_ACCENT_COLOR_NAME = AccentColor;
				CODE_SIGN_STYLE = Automatic;
				CURRENT_PROJECT_VERSION = 1;
				GENERATE_INFOPLIST_FILE = YES;
				INFOPLIST_FILE = IP13_Captcha/Info.plist;
				INFOPLIST_KEY_UIApplicationSupportsIndirectInputEvents = YES;
				INFOPLIST_KEY_UILaunchStoryboardName = LaunchScreen;
				INFOPLIST_KEY_UIMainStoryboardFile = Main;
				INFOPLIST_KEY_UISupportedInterfaceOrientations_iPad = "UIInterfaceOrientationPortrait UIInterfaceOrientationPortraitUpsideDown UIInterfaceOrientationLandscapeLeft UIInterfaceOrientationLandscapeRight";
				INFOPLIST_KEY_UISupportedInterfaceOrientations_iPhone = "UIInterfaceOrientationPortrait UIInterfaceOrientationLandscapeLeft UIInterfaceOrientationLandscapeRight";
				LD_RUNPATH_SEARCH_PATHS = (
					"$(inherited)",
					"@executable_path/Frameworks",
				);
				MARKETING_VERSION = 1.0;
				PRODUCT_BUNDLE_IDENTIFIER = "com.example.IP13-Captcha";
				PRODUCT_NAME = "$(TARGET_NAME)";
				SWIFT_EMIT_LOC_STRINGS = YES;
				SWIFT_VERSION = 5.0;
				TARGETED_DEVICE_FAMILY = "1,2";
			};
			name = Release;
		};
/* End XCBuildConfiguration section */

/* Begin XCConfigurationList section */
		22DEA1A629C8C26700066A1C /* Build configuration list for PBXProject "IP13_Captcha" */ = {
			isa = XCConfigurationList;
			buildConfigurations = (
				22DEA1BD29C8C26C00066A1C /* Debug */,
				22DEA1BE29C8C26C00066A1C /* Release */,
			);
			defaultConfigurationIsVisible = 0;
			defaultConfigurationName = Release;
		};
		22DEA1BF29C8C26C00066A1C /* Build configuration list for PBXNativeTarget "IP13_Captcha" */ = {
			isa = XCConfigurationList;
			buildConfigurations = (
				22DEA1C029C8C26C00066A1C /* Debug */,
				22DEA1C129C8C26C00066A1C /* Release */,
			);
			defaultConfigurationIsVisible = 0;
			defaultConfigurationName = Release;
		};
/* End XCConfigurationList section */
	};
	rootObject = 22DEA1A329C8C26700066A1C /* Project object */;
}
